// !$*UTF8*$!
{
	archiveVersion = 1;
	classes = {
	};
	objectVersion = 46;
	objects = {

/* Begin PBXBuildFile section */
		2E478ABD1720D91C00661172 /* AddNewRoomViewController.m in Sources */ = {isa = PBXBuildFile; fileRef = 2E478ABC1720D91C00661172 /* AddNewRoomViewController.m */; };
		2E478AC01720D92E00661172 /* AddNewWingViewController.m in Sources */ = {isa = PBXBuildFile; fileRef = 2E478ABF1720D92E00661172 /* AddNewWingViewController.m */; };
		2E478AC31720FE5100661172 /* Room+Create.m in Sources */ = {isa = PBXBuildFile; fileRef = 2E478AC21720FE5100661172 /* Room+Create.m */; };
		2E478AC91721005A00661172 /* DormWing+Create.m in Sources */ = {isa = PBXBuildFile; fileRef = 2E478AC81721005A00661172 /* DormWing+Create.m */; };
		2E546AEF1733606600AD0C1F /* AVFoundation.framework in Frameworks */ = {isa = PBXBuildFile; fileRef = 2E546AEE1733606600AD0C1F /* AVFoundation.framework */; };
		2E7695291718FFE3002D45B7 /* UIKit.framework in Frameworks */ = {isa = PBXBuildFile; fileRef = 2E7695281718FFE3002D45B7 /* UIKit.framework */; };
		2E76952B1718FFE3002D45B7 /* Foundation.framework in Frameworks */ = {isa = PBXBuildFile; fileRef = 2E76952A1718FFE3002D45B7 /* Foundation.framework */; };
		2E76952D1718FFE3002D45B7 /* CoreGraphics.framework in Frameworks */ = {isa = PBXBuildFile; fileRef = 2E76952C1718FFE3002D45B7 /* CoreGraphics.framework */; };
		2E7695331718FFE3002D45B7 /* InfoPlist.strings in Resources */ = {isa = PBXBuildFile; fileRef = 2E7695311718FFE3002D45B7 /* InfoPlist.strings */; };
		2E7695351718FFE3002D45B7 /* main.m in Sources */ = {isa = PBXBuildFile; fileRef = 2E7695341718FFE3002D45B7 /* main.m */; };
		2E7695391718FFE3002D45B7 /* AppDelegate.m in Sources */ = {isa = PBXBuildFile; fileRef = 2E7695381718FFE3002D45B7 /* AppDelegate.m */; };
		2E76953B1718FFE3002D45B7 /* Default.png in Resources */ = {isa = PBXBuildFile; fileRef = 2E76953A1718FFE3002D45B7 /* Default.png */; };
		2E76953D1718FFE3002D45B7 /* Default@2x.png in Resources */ = {isa = PBXBuildFile; fileRef = 2E76953C1718FFE3002D45B7 /* Default@2x.png */; };
		2E76953F1718FFE3002D45B7 /* Default-568h@2x.png in Resources */ = {isa = PBXBuildFile; fileRef = 2E76953E1718FFE3002D45B7 /* Default-568h@2x.png */; };
		2E7695421718FFE3002D45B7 /* MainStoryboard.storyboard in Resources */ = {isa = PBXBuildFile; fileRef = 2E7695401718FFE3002D45B7 /* MainStoryboard.storyboard */; };
		2E76A0E5171F8ADD00BEE0C0 /* Status+Status_Create.m in Sources */ = {isa = PBXBuildFile; fileRef = 2E76A0E4171F8ADD00BEE0C0 /* Status+Status_Create.m */; };
		2E76A0E8171F992F00BEE0C0 /* ResidentsViewController.m in Sources */ = {isa = PBXBuildFile; fileRef = 2E76A0E7171F992F00BEE0C0 /* ResidentsViewController.m */; };
		2E76A0ED171F9D7200BEE0C0 /* Resident+Create.m in Sources */ = {isa = PBXBuildFile; fileRef = 2E76A0EC171F9D7200BEE0C0 /* Resident+Create.m */; };
		2E76A0F0171FA76400BEE0C0 /* CoreDataTableViewController.m in Sources */ = {isa = PBXBuildFile; fileRef = 2E76A0EF171FA76400BEE0C0 /* CoreDataTableViewController.m */; };
		2E8BB7CD171CDBD500014413 /* DormModel.xcdatamodeld in Sources */ = {isa = PBXBuildFile; fileRef = 2E8BB7CB171CDBD500014413 /* DormModel.xcdatamodeld */; };
		2E8BB7FF171CDCDB00014413 /* CoreData.framework in Frameworks */ = {isa = PBXBuildFile; fileRef = 2E8BB7FE171CDCDB00014413 /* CoreData.framework */; };
		2EA31CE5171FD87000A7500D /* AddResidentViewController.m in Sources */ = {isa = PBXBuildFile; fileRef = 2EA31CE4171FD87000A7500D /* AddResidentViewController.m */; };
		2ECB238217223DF6005C03E2 /* Status.m in Sources */ = {isa = PBXBuildFile; fileRef = 2ECB238117223DF6005C03E2 /* Status.m */; };
		2ECB238517223DF6005C03E2 /* Resident.m in Sources */ = {isa = PBXBuildFile; fileRef = 2ECB238417223DF6005C03E2 /* Resident.m */; };
		2ECB238817223DF6005C03E2 /* CurfewCheck.m in Sources */ = {isa = PBXBuildFile; fileRef = 2ECB238717223DF6005C03E2 /* CurfewCheck.m */; };
		2ECB238B17223DF6005C03E2 /* DormWing.m in Sources */ = {isa = PBXBuildFile; fileRef = 2ECB238A17223DF6005C03E2 /* DormWing.m */; };
		2ECB238E17223DF6005C03E2 /* Room.m in Sources */ = {isa = PBXBuildFile; fileRef = 2ECB238D17223DF6005C03E2 /* Room.m */; };
		2ECB23911722715F005C03E2 /* CurfewCheckStatusTableViewController.m in Sources */ = {isa = PBXBuildFile; fileRef = 2ECB23901722715F005C03E2 /* CurfewCheckStatusTableViewController.m */; };
		2EDA76BA172236FD007971D6 /* CurfewCheck+Create.m in Sources */ = {isa = PBXBuildFile; fileRef = 2EDA76B9172236FD007971D6 /* CurfewCheck+Create.m */; };
		2EDF3E3A17190C5F00CE4614 /* MainMenuTabBarController.m in Sources */ = {isa = PBXBuildFile; fileRef = 2EDF3E3917190C5F00CE4614 /* MainMenuTabBarController.m */; };
		2EDF3E3C1719127300CE4614 /* checkouticon2.png in Resources */ = {isa = PBXBuildFile; fileRef = 2EDF3E3B1719127300CE4614 /* checkouticon2.png */; };
		2EDF3E6117193C5100CE4614 /* CheckRoomsViewController.m in Sources */ = {isa = PBXBuildFile; fileRef = 2EDF3E6017193C5100CE4614 /* CheckRoomsViewController.m */; };
/* End PBXBuildFile section */

/* Begin PBXFileReference section */
		2E478ABB1720D91C00661172 /* AddNewRoomViewController.h */ = {isa = PBXFileReference; fileEncoding = 4; lastKnownFileType = sourcecode.c.h; path = AddNewRoomViewController.h; sourceTree = "<group>"; };
		2E478ABC1720D91C00661172 /* AddNewRoomViewController.m */ = {isa = PBXFileReference; fileEncoding = 4; lastKnownFileType = sourcecode.c.objc; path = AddNewRoomViewController.m; sourceTree = "<group>"; };
		2E478ABE1720D92E00661172 /* AddNewWingViewController.h */ = {isa = PBXFileReference; fileEncoding = 4; lastKnownFileType = sourcecode.c.h; path = AddNewWingViewController.h; sourceTree = "<group>"; };
		2E478ABF1720D92E00661172 /* AddNewWingViewController.m */ = {isa = PBXFileReference; fileEncoding = 4; lastKnownFileType = sourcecode.c.objc; path = AddNewWingViewController.m; sourceTree = "<group>"; };
		2E478AC11720FE5100661172 /* Room+Create.h */ = {isa = PBXFileReference; fileEncoding = 4; lastKnownFileType = sourcecode.c.h; path = "Room+Create.h"; sourceTree = "<group>"; };
		2E478AC21720FE5100661172 /* Room+Create.m */ = {isa = PBXFileReference; fileEncoding = 4; lastKnownFileType = sourcecode.c.objc; path = "Room+Create.m"; sourceTree = "<group>"; };
		2E478AC71721005A00661172 /* DormWing+Create.h */ = {isa = PBXFileReference; fileEncoding = 4; lastKnownFileType = sourcecode.c.h; path = "DormWing+Create.h"; sourceTree = "<group>"; };
		2E478AC81721005A00661172 /* DormWing+Create.m */ = {isa = PBXFileReference; fileEncoding = 4; lastKnownFileType = sourcecode.c.objc; path = "DormWing+Create.m"; sourceTree = "<group>"; };
		2E546AEE1733606600AD0C1F /* AVFoundation.framework */ = {isa = PBXFileReference; lastKnownFileType = wrapper.framework; name = AVFoundation.framework; path = System/Library/Frameworks/AVFoundation.framework; sourceTree = SDKROOT; };
		2E74113D172B12D5004185FB /* UpdateTableView.h */ = {isa = PBXFileReference; lastKnownFileType = sourcecode.c.h; path = UpdateTableView.h; sourceTree = "<group>"; };
		2E7695251718FFE3002D45B7 /* RA Helper App iPhone.app */ = {isa = PBXFileReference; explicitFileType = wrapper.application; includeInIndex = 0; path = "RA Helper App iPhone.app"; sourceTree = BUILT_PRODUCTS_DIR; };
		2E7695281718FFE3002D45B7 /* UIKit.framework */ = {isa = PBXFileReference; lastKnownFileType = wrapper.framework; name = UIKit.framework; path = System/Library/Frameworks/UIKit.framework; sourceTree = SDKROOT; };
		2E76952A1718FFE3002D45B7 /* Foundation.framework */ = {isa = PBXFileReference; lastKnownFileType = wrapper.framework; name = Foundation.framework; path = System/Library/Frameworks/Foundation.framework; sourceTree = SDKROOT; };
		2E76952C1718FFE3002D45B7 /* CoreGraphics.framework */ = {isa = PBXFileReference; lastKnownFileType = wrapper.framework; name = CoreGraphics.framework; path = System/Library/Frameworks/CoreGraphics.framework; sourceTree = SDKROOT; };
		2E7695301718FFE3002D45B7 /* RA Helper App iPhone-Info.plist */ = {isa = PBXFileReference; lastKnownFileType = text.plist.xml; path = "RA Helper App iPhone-Info.plist"; sourceTree = "<group>"; };
		2E7695321718FFE3002D45B7 /* en */ = {isa = PBXFileReference; lastKnownFileType = text.plist.strings; name = en; path = en.lproj/InfoPlist.strings; sourceTree = "<group>"; };
		2E7695341718FFE3002D45B7 /* main.m */ = {isa = PBXFileReference; lastKnownFileType = sourcecode.c.objc; path = main.m; sourceTree = "<group>"; };
		2E7695361718FFE3002D45B7 /* RA Helper App iPhone-Prefix.pch */ = {isa = PBXFileReference; lastKnownFileType = sourcecode.c.h; path = "RA Helper App iPhone-Prefix.pch"; sourceTree = "<group>"; };
		2E7695371718FFE3002D45B7 /* AppDelegate.h */ = {isa = PBXFileReference; lastKnownFileType = sourcecode.c.h; path = AppDelegate.h; sourceTree = "<group>"; };
		2E7695381718FFE3002D45B7 /* AppDelegate.m */ = {isa = PBXFileReference; lastKnownFileType = sourcecode.c.objc; path = AppDelegate.m; sourceTree = "<group>"; };
		2E76953A1718FFE3002D45B7 /* Default.png */ = {isa = PBXFileReference; lastKnownFileType = image.png; path = Default.png; sourceTree = "<group>"; };
		2E76953C1718FFE3002D45B7 /* Default@2x.png */ = {isa = PBXFileReference; lastKnownFileType = image.png; path = "Default@2x.png"; sourceTree = "<group>"; };
		2E76953E1718FFE3002D45B7 /* Default-568h@2x.png */ = {isa = PBXFileReference; lastKnownFileType = image.png; path = "Default-568h@2x.png"; sourceTree = "<group>"; };
		2E7695411718FFE3002D45B7 /* en */ = {isa = PBXFileReference; lastKnownFileType = file.storyboard; name = en; path = en.lproj/MainStoryboard.storyboard; sourceTree = "<group>"; };
		2E76A0E3171F8ADD00BEE0C0 /* Status+Status_Create.h */ = {isa = PBXFileReference; fileEncoding = 4; lastKnownFileType = sourcecode.c.h; path = "Status+Status_Create.h"; sourceTree = "<group>"; };
		2E76A0E4171F8ADD00BEE0C0 /* Status+Status_Create.m */ = {isa = PBXFileReference; fileEncoding = 4; lastKnownFileType = sourcecode.c.objc; path = "Status+Status_Create.m"; sourceTree = "<group>"; };
		2E76A0E6171F992F00BEE0C0 /* ResidentsViewController.h */ = {isa = PBXFileReference; fileEncoding = 4; lastKnownFileType = sourcecode.c.h; path = ResidentsViewController.h; sourceTree = "<group>"; };
		2E76A0E7171F992F00BEE0C0 /* ResidentsViewController.m */ = {isa = PBXFileReference; fileEncoding = 4; lastKnownFileType = sourcecode.c.objc; path = ResidentsViewController.m; sourceTree = "<group>"; };
		2E76A0EB171F9D7200BEE0C0 /* Resident+Create.h */ = {isa = PBXFileReference; fileEncoding = 4; lastKnownFileType = sourcecode.c.h; path = "Resident+Create.h"; sourceTree = "<group>"; };
		2E76A0EC171F9D7200BEE0C0 /* Resident+Create.m */ = {isa = PBXFileReference; fileEncoding = 4; lastKnownFileType = sourcecode.c.objc; path = "Resident+Create.m"; sourceTree = "<group>"; };
		2E76A0EE171FA76300BEE0C0 /* CoreDataTableViewController.h */ = {isa = PBXFileReference; fileEncoding = 4; lastKnownFileType = sourcecode.c.h; path = CoreDataTableViewController.h; sourceTree = "<group>"; };
		2E76A0EF171FA76400BEE0C0 /* CoreDataTableViewController.m */ = {isa = PBXFileReference; fileEncoding = 4; lastKnownFileType = sourcecode.c.objc; path = CoreDataTableViewController.m; sourceTree = "<group>"; };
		2E8BB7CC171CDBD500014413 /* DormModel.xcdatamodel */ = {isa = PBXFileReference; lastKnownFileType = wrapper.xcdatamodel; path = DormModel.xcdatamodel; sourceTree = "<group>"; };
		2E8BB7FE171CDCDB00014413 /* CoreData.framework */ = {isa = PBXFileReference; lastKnownFileType = wrapper.framework; name = CoreData.framework; path = System/Library/Frameworks/CoreData.framework; sourceTree = SDKROOT; };
		2EA31CE3171FD87000A7500D /* AddResidentViewController.h */ = {isa = PBXFileReference; fileEncoding = 4; lastKnownFileType = sourcecode.c.h; path = AddResidentViewController.h; sourceTree = "<group>"; };
		2EA31CE4171FD87000A7500D /* AddResidentViewController.m */ = {isa = PBXFileReference; fileEncoding = 4; lastKnownFileType = sourcecode.c.objc; path = AddResidentViewController.m; sourceTree = "<group>"; };
		2ECB238017223DF6005C03E2 /* Status.h */ = {isa = PBXFileReference; fileEncoding = 4; lastKnownFileType = sourcecode.c.h; path = Status.h; sourceTree = "<group>"; };
		2ECB238117223DF6005C03E2 /* Status.m */ = {isa = PBXFileReference; fileEncoding = 4; lastKnownFileType = sourcecode.c.objc; path = Status.m; sourceTree = "<group>"; };
		2ECB238317223DF6005C03E2 /* Resident.h */ = {isa = PBXFileReference; fileEncoding = 4; lastKnownFileType = sourcecode.c.h; path = Resident.h; sourceTree = "<group>"; };
		2ECB238417223DF6005C03E2 /* Resident.m */ = {isa = PBXFileReference; fileEncoding = 4; lastKnownFileType = sourcecode.c.objc; path = Resident.m; sourceTree = "<group>"; };
		2ECB238617223DF6005C03E2 /* CurfewCheck.h */ = {isa = PBXFileReference; fileEncoding = 4; lastKnownFileType = sourcecode.c.h; path = CurfewCheck.h; sourceTree = "<group>"; };
		2ECB238717223DF6005C03E2 /* CurfewCheck.m */ = {isa = PBXFileReference; fileEncoding = 4; lastKnownFileType = sourcecode.c.objc; path = CurfewCheck.m; sourceTree = "<group>"; };
		2ECB238917223DF6005C03E2 /* DormWing.h */ = {isa = PBXFileReference; fileEncoding = 4; lastKnownFileType = sourcecode.c.h; path = DormWing.h; sourceTree = "<group>"; };
		2ECB238A17223DF6005C03E2 /* DormWing.m */ = {isa = PBXFileReference; fileEncoding = 4; lastKnownFileType = sourcecode.c.objc; path = DormWing.m; sourceTree = "<group>"; };
		2ECB238C17223DF6005C03E2 /* Room.h */ = {isa = PBXFileReference; fileEncoding = 4; lastKnownFileType = sourcecode.c.h; path = Room.h; sourceTree = "<group>"; };
		2ECB238D17223DF6005C03E2 /* Room.m */ = {isa = PBXFileReference; fileEncoding = 4; lastKnownFileType = sourcecode.c.objc; path = Room.m; sourceTree = "<group>"; };
		2ECB238F1722715F005C03E2 /* CurfewCheckStatusTableViewController.h */ = {isa = PBXFileReference; fileEncoding = 4; lastKnownFileType = sourcecode.c.h; path = CurfewCheckStatusTableViewController.h; sourceTree = "<group>"; };
		2ECB23901722715F005C03E2 /* CurfewCheckStatusTableViewController.m */ = {isa = PBXFileReference; fileEncoding = 4; lastKnownFileType = sourcecode.c.objc; path = CurfewCheckStatusTableViewController.m; sourceTree = "<group>"; };
		2EDA76B8172236FD007971D6 /* CurfewCheck+Create.h */ = {isa = PBXFileReference; fileEncoding = 4; lastKnownFileType = sourcecode.c.h; path = "CurfewCheck+Create.h"; sourceTree = "<group>"; };
		2EDA76B9172236FD007971D6 /* CurfewCheck+Create.m */ = {isa = PBXFileReference; fileEncoding = 4; lastKnownFileType = sourcecode.c.objc; path = "CurfewCheck+Create.m"; sourceTree = "<group>"; };
		2EDF3E3817190C5F00CE4614 /* MainMenuTabBarController.h */ = {isa = PBXFileReference; fileEncoding = 4; lastKnownFileType = sourcecode.c.h; path = MainMenuTabBarController.h; sourceTree = "<group>"; };
		2EDF3E3917190C5F00CE4614 /* MainMenuTabBarController.m */ = {isa = PBXFileReference; fileEncoding = 4; lastKnownFileType = sourcecode.c.objc; path = MainMenuTabBarController.m; sourceTree = "<group>"; };
		2EDF3E3B1719127300CE4614 /* checkouticon2.png */ = {isa = PBXFileReference; lastKnownFileType = image.png; path = checkouticon2.png; sourceTree = "<group>"; };
		2EDF3E5F17193C5100CE4614 /* CheckRoomsViewController.h */ = {isa = PBXFileReference; fileEncoding = 4; lastKnownFileType = sourcecode.c.h; path = CheckRoomsViewController.h; sourceTree = "<group>"; };
		2EDF3E6017193C5100CE4614 /* CheckRoomsViewController.m */ = {isa = PBXFileReference; fileEncoding = 4; lastKnownFileType = sourcecode.c.objc; path = CheckRoomsViewController.m; sourceTree = "<group>"; };
/* End PBXFileReference section */

/* Begin PBXFrameworksBuildPhase section */
		2E7695221718FFE3002D45B7 /* Frameworks */ = {
			isa = PBXFrameworksBuildPhase;
			buildActionMask = 2147483647;
			files = (
				2E546AEF1733606600AD0C1F /* AVFoundation.framework in Frameworks */,
				2E8BB7FF171CDCDB00014413 /* CoreData.framework in Frameworks */,
				2E7695291718FFE3002D45B7 /* UIKit.framework in Frameworks */,
				2E76952B1718FFE3002D45B7 /* Foundation.framework in Frameworks */,
				2E76952D1718FFE3002D45B7 /* CoreGraphics.framework in Frameworks */,
			);
			runOnlyForDeploymentPostprocessing = 0;
		};
/* End PBXFrameworksBuildPhase section */

/* Begin PBXGroup section */
		2E76951C1718FFE3002D45B7 = {
			isa = PBXGroup;
			children = (
				2E546AEE1733606600AD0C1F /* AVFoundation.framework */,
				2E8BB7FE171CDCDB00014413 /* CoreData.framework */,
				2E76952E1718FFE3002D45B7 /* RA Helper App iPhone */,
				2E7695271718FFE3002D45B7 /* Frameworks */,
				2E7695261718FFE3002D45B7 /* Products */,
			);
			sourceTree = "<group>";
		};
		2E7695261718FFE3002D45B7 /* Products */ = {
			isa = PBXGroup;
			children = (
				2E7695251718FFE3002D45B7 /* RA Helper App iPhone.app */,
			);
			name = Products;
			sourceTree = "<group>";
		};
		2E7695271718FFE3002D45B7 /* Frameworks */ = {
			isa = PBXGroup;
			children = (
				2E7695281718FFE3002D45B7 /* UIKit.framework */,
				2E76952A1718FFE3002D45B7 /* Foundation.framework */,
				2E76952C1718FFE3002D45B7 /* CoreGraphics.framework */,
			);
			name = Frameworks;
			sourceTree = "<group>";
		};
		2E76952E1718FFE3002D45B7 /* RA Helper App iPhone */ = {
			isa = PBXGroup;
			children = (
				2E8BB800171CDD0000014413 /* DataEntities */,
				2E7695371718FFE3002D45B7 /* AppDelegate.h */,
				2E7695381718FFE3002D45B7 /* AppDelegate.m */,
				2E7695401718FFE3002D45B7 /* MainStoryboard.storyboard */,
				2EDF3E3817190C5F00CE4614 /* MainMenuTabBarController.h */,
				2EDF3E3917190C5F00CE4614 /* MainMenuTabBarController.m */,
				2E76952F1718FFE3002D45B7 /* Supporting Files */,
				2EDF3E5F17193C5100CE4614 /* CheckRoomsViewController.h */,
				2EDF3E6017193C5100CE4614 /* CheckRoomsViewController.m */,
				2E76A0E6171F992F00BEE0C0 /* ResidentsViewController.h */,
				2E76A0E7171F992F00BEE0C0 /* ResidentsViewController.m */,
				2E76A0EE171FA76300BEE0C0 /* CoreDataTableViewController.h */,
				2E76A0EF171FA76400BEE0C0 /* CoreDataTableViewController.m */,
				2EA31CE3171FD87000A7500D /* AddResidentViewController.h */,
				2EA31CE4171FD87000A7500D /* AddResidentViewController.m */,
				2E478ABB1720D91C00661172 /* AddNewRoomViewController.h */,
				2E478ABC1720D91C00661172 /* AddNewRoomViewController.m */,
				2E478ABE1720D92E00661172 /* AddNewWingViewController.h */,
				2E478ABF1720D92E00661172 /* AddNewWingViewController.m */,
				2ECB238F1722715F005C03E2 /* CurfewCheckStatusTableViewController.h */,
				2ECB23901722715F005C03E2 /* CurfewCheckStatusTableViewController.m */,
				2E74113D172B12D5004185FB /* UpdateTableView.h */,
			);
			path = "RA Helper App iPhone";
			sourceTree = "<group>";
		};
		2E76952F1718FFE3002D45B7 /* Supporting Files */ = {
			isa = PBXGroup;
			children = (
				2EDF3E3B1719127300CE4614 /* checkouticon2.png */,
				2E7695301718FFE3002D45B7 /* RA Helper App iPhone-Info.plist */,
				2E7695311718FFE3002D45B7 /* InfoPlist.strings */,
				2E7695341718FFE3002D45B7 /* main.m */,
				2E7695361718FFE3002D45B7 /* RA Helper App iPhone-Prefix.pch */,
				2E76953A1718FFE3002D45B7 /* Default.png */,
				2E76953C1718FFE3002D45B7 /* Default@2x.png */,
				2E76953E1718FFE3002D45B7 /* Default-568h@2x.png */,
			);
			name = "Supporting Files";
			sourceTree = "<group>";
		};
		2E8BB800171CDD0000014413 /* DataEntities */ = {
			isa = PBXGroup;
			children = (
				2E8BB7CB171CDBD500014413 /* DormModel.xcdatamodeld */,
				2ECB238C17223DF6005C03E2 /* Room.h */,
				2ECB238D17223DF6005C03E2 /* Room.m */,
				2ECB238917223DF6005C03E2 /* DormWing.h */,
				2ECB238A17223DF6005C03E2 /* DormWing.m */,
				2ECB238617223DF6005C03E2 /* CurfewCheck.h */,
				2ECB238717223DF6005C03E2 /* CurfewCheck.m */,
				2ECB238317223DF6005C03E2 /* Resident.h */,
				2ECB238417223DF6005C03E2 /* Resident.m */,
				2ECB238017223DF6005C03E2 /* Status.h */,
				2ECB238117223DF6005C03E2 /* Status.m */,
				2E76A0E3171F8ADD00BEE0C0 /* Status+Status_Create.h */,
				2E76A0E4171F8ADD00BEE0C0 /* Status+Status_Create.m */,
				2E76A0EB171F9D7200BEE0C0 /* Resident+Create.h */,
				2E76A0EC171F9D7200BEE0C0 /* Resident+Create.m */,
				2E478AC11720FE5100661172 /* Room+Create.h */,
				2E478AC21720FE5100661172 /* Room+Create.m */,
				2E478AC71721005A00661172 /* DormWing+Create.h */,
				2E478AC81721005A00661172 /* DormWing+Create.m */,
				2EDA76B8172236FD007971D6 /* CurfewCheck+Create.h */,
				2EDA76B9172236FD007971D6 /* CurfewCheck+Create.m */,
			);
			name = DataEntities;
			sourceTree = "<group>";
		};
/* End PBXGroup section */

/* Begin PBXNativeTarget section */
		2E7695241718FFE3002D45B7 /* RA Helper App iPhone */ = {
			isa = PBXNativeTarget;
			buildConfigurationList = 2E7695481718FFE3002D45B7 /* Build configuration list for PBXNativeTarget "RA Helper App iPhone" */;
			buildPhases = (
				2E7695211718FFE3002D45B7 /* Sources */,
				2E7695221718FFE3002D45B7 /* Frameworks */,
				2E7695231718FFE3002D45B7 /* Resources */,
			);
			buildRules = (
			);
			dependencies = (
			);
			name = "RA Helper App iPhone";
			productName = "RA Helper App iPhone";
			productReference = 2E7695251718FFE3002D45B7 /* RA Helper App iPhone.app */;
			productType = "com.apple.product-type.application";
		};
/* End PBXNativeTarget section */

/* Begin PBXProject section */
		2E76951D1718FFE3002D45B7 /* Project object */ = {
			isa = PBXProject;
			attributes = {
				LastUpgradeCheck = 0460;
				ORGANIZATIONNAME = "Harding University CS";
			};
			buildConfigurationList = 2E7695201718FFE3002D45B7 /* Build configuration list for PBXProject "RA Helper App iPhone" */;
			compatibilityVersion = "Xcode 3.2";
			developmentRegion = English;
			hasScannedForEncodings = 0;
			knownRegions = (
				en,
			);
			mainGroup = 2E76951C1718FFE3002D45B7;
			productRefGroup = 2E7695261718FFE3002D45B7 /* Products */;
			projectDirPath = "";
			projectRoot = "";
			targets = (
				2E7695241718FFE3002D45B7 /* RA Helper App iPhone */,
			);
		};
/* End PBXProject section */

/* Begin PBXResourcesBuildPhase section */
		2E7695231718FFE3002D45B7 /* Resources */ = {
			isa = PBXResourcesBuildPhase;
			buildActionMask = 2147483647;
			files = (
				2E7695331718FFE3002D45B7 /* InfoPlist.strings in Resources */,
				2E76953B1718FFE3002D45B7 /* Default.png in Resources */,
				2E76953D1718FFE3002D45B7 /* Default@2x.png in Resources */,
				2E76953F1718FFE3002D45B7 /* Default-568h@2x.png in Resources */,
				2E7695421718FFE3002D45B7 /* MainStoryboard.storyboard in Resources */,
				2EDF3E3C1719127300CE4614 /* checkouticon2.png in Resources */,
			);
			runOnlyForDeploymentPostprocessing = 0;
		};
/* End PBXResourcesBuildPhase section */

/* Begin PBXSourcesBuildPhase section */
		2E7695211718FFE3002D45B7 /* Sources */ = {
			isa = PBXSourcesBuildPhase;
			buildActionMask = 2147483647;
			files = (
				2E7695351718FFE3002D45B7 /* main.m in Sources */,
				2E7695391718FFE3002D45B7 /* AppDelegate.m in Sources */,
				2EDF3E3A17190C5F00CE4614 /* MainMenuTabBarController.m in Sources */,
				2EDF3E6117193C5100CE4614 /* CheckRoomsViewController.m in Sources */,
				2E8BB7CD171CDBD500014413 /* DormModel.xcdatamodeld in Sources */,
				2E76A0E5171F8ADD00BEE0C0 /* Status+Status_Create.m in Sources */,
				2E76A0E8171F992F00BEE0C0 /* ResidentsViewController.m in Sources */,
				2E76A0ED171F9D7200BEE0C0 /* Resident+Create.m in Sources */,
				2E76A0F0171FA76400BEE0C0 /* CoreDataTableViewController.m in Sources */,
				2EA31CE5171FD87000A7500D /* AddResidentViewController.m in Sources */,
				2E478ABD1720D91C00661172 /* AddNewRoomViewController.m in Sources */,
				2E478AC01720D92E00661172 /* AddNewWingViewController.m in Sources */,
				2E478AC31720FE5100661172 /* Room+Create.m in Sources */,
				2E478AC91721005A00661172 /* DormWing+Create.m in Sources */,
				2EDA76BA172236FD007971D6 /* CurfewCheck+Create.m in Sources */,
				2ECB238217223DF6005C03E2 /* Status.m in Sources */,
				2ECB238517223DF6005C03E2 /* Resident.m in Sources */,
				2ECB238817223DF6005C03E2 /* CurfewCheck.m in Sources */,
				2ECB238B17223DF6005C03E2 /* DormWing.m in Sources */,
				2ECB238E17223DF6005C03E2 /* Room.m in Sources */,
				2ECB23911722715F005C03E2 /* CurfewCheckStatusTableViewController.m in Sources */,
			);
			runOnlyForDeploymentPostprocessing = 0;
		};
/* End PBXSourcesBuildPhase section */

/* Begin PBXVariantGroup section */
		2E7695311718FFE3002D45B7 /* InfoPlist.strings */ = {
			isa = PBXVariantGroup;
			children = (
				2E7695321718FFE3002D45B7 /* en */,
			);
			name = InfoPlist.strings;
			sourceTree = "<group>";
		};
		2E7695401718FFE3002D45B7 /* MainStoryboard.storyboard */ = {
			isa = PBXVariantGroup;
			children = (
				2E7695411718FFE3002D45B7 /* en */,
			);
			name = MainStoryboard.storyboard;
			sourceTree = "<group>";
		};
/* End PBXVariantGroup section */

/* Begin XCBuildConfiguration section */
		2E7695461718FFE3002D45B7 /* Debug */ = {
			isa = XCBuildConfiguration;
			buildSettings = {
				ALWAYS_SEARCH_USER_PATHS = NO;
				CLANG_CXX_LANGUAGE_STANDARD = "gnu++0x";
				CLANG_CXX_LIBRARY = "libc++";
				CLANG_ENABLE_OBJC_ARC = YES;
				CLANG_WARN_CONSTANT_CONVERSION = YES;
				CLANG_WARN_EMPTY_BODY = YES;
				CLANG_WARN_ENUM_CONVERSION = YES;
				CLANG_WARN_INT_CONVERSION = YES;
				CLANG_WARN__DUPLICATE_METHOD_MATCH = YES;
				CODE_SIGN_IDENTITY = "iPhone Developer";
				"CODE_SIGN_IDENTITY[sdk=iphoneos*]" = "iPhone Developer: Herson Alfaro (N3UTJA88Y7)";
				COPY_PHASE_STRIP = NO;
				GCC_C_LANGUAGE_STANDARD = gnu99;
				GCC_DYNAMIC_NO_PIC = NO;
				GCC_OPTIMIZATION_LEVEL = 0;
				GCC_PREPROCESSOR_DEFINITIONS = (
					"DEBUG=1",
					"$(inherited)",
				);
				GCC_SYMBOLS_PRIVATE_EXTERN = NO;
				GCC_WARN_ABOUT_RETURN_TYPE = YES;
				GCC_WARN_UNINITIALIZED_AUTOS = YES;
				GCC_WARN_UNUSED_VARIABLE = YES;
				IPHONEOS_DEPLOYMENT_TARGET = 6.1;
				ONLY_ACTIVE_ARCH = NO;
				PROVISIONING_PROFILE = "";
				"PROVISIONING_PROFILE[sdk=iphoneos*]" = "";
				SDKROOT = iphoneos;
			};
			name = Debug;
		};
		2E7695471718FFE3002D45B7 /* Release */ = {
			isa = XCBuildConfiguration;
			buildSettings = {
				ALWAYS_SEARCH_USER_PATHS = NO;
				CLANG_CXX_LANGUAGE_STANDARD = "gnu++0x";
				CLANG_CXX_LIBRARY = "libc++";
				CLANG_ENABLE_OBJC_ARC = YES;
				CLANG_WARN_CONSTANT_CONVERSION = YES;
				CLANG_WARN_EMPTY_BODY = YES;
				CLANG_WARN_ENUM_CONVERSION = YES;
				CLANG_WARN_INT_CONVERSION = YES;
				CLANG_WARN__DUPLICATE_METHOD_MATCH = YES;
				CODE_SIGN_IDENTITY = "iPhone Developer";
				"CODE_SIGN_IDENTITY[sdk=iphoneos*]" = "iPhone Developer: Herson Alfaro (N3UTJA88Y7)";
				COPY_PHASE_STRIP = YES;
				GCC_C_LANGUAGE_STANDARD = gnu99;
				GCC_WARN_ABOUT_RETURN_TYPE = YES;
				GCC_WARN_UNINITIALIZED_AUTOS = YES;
				GCC_WARN_UNUSED_VARIABLE = YES;
				IPHONEOS_DEPLOYMENT_TARGET = 6.1;
				ONLY_ACTIVE_ARCH = NO;
				OTHER_CFLAGS = "-DNS_BLOCK_ASSERTIONS=1";
				PROVISIONING_PROFILE = "";
				"PROVISIONING_PROFILE[sdk=iphoneos*]" = "";
				SDKROOT = iphoneos;
				VALIDATE_PRODUCT = YES;
			};
			name = Release;
		};
		2E7695491718FFE3002D45B7 /* Debug */ = {
			isa = XCBuildConfiguration;
			buildSettings = {
				GCC_PRECOMPILE_PREFIX_HEADER = YES;
				GCC_PREFIX_HEADER = "RA Helper App iPhone/RA Helper App iPhone-Prefix.pch";
				INFOPLIST_FILE = "RA Helper App iPhone/RA Helper App iPhone-Info.plist";
				PRODUCT_NAME = "$(TARGET_NAME)";
				TARGETED_DEVICE_FAMILY = 1;
				WRAPPER_EXTENSION = app;
			};
			name = Debug;
		};
		2E76954A1718FFE3002D45B7 /* Release */ = {
			isa = XCBuildConfiguration;
			buildSettings = {
				GCC_PRECOMPILE_PREFIX_HEADER = YES;
				GCC_PREFIX_HEADER = "RA Helper App iPhone/RA Helper App iPhone-Prefix.pch";
				INFOPLIST_FILE = "RA Helper App iPhone/RA Helper App iPhone-Info.plist";
				PRODUCT_NAME = "$(TARGET_NAME)";
				TARGETED_DEVICE_FAMILY = 1;
				WRAPPER_EXTENSION = app;
			};
			name = Release;
		};
/* End XCBuildConfiguration section */

/* Begin XCConfigurationList section */
		2E7695201718FFE3002D45B7 /* Build configuration list for PBXProject "RA Helper App iPhone" */ = {
			isa = XCConfigurationList;
			buildConfigurations = (
				2E7695461718FFE3002D45B7 /* Debug */,
				2E7695471718FFE3002D45B7 /* Release */,
			);
			defaultConfigurationIsVisible = 0;
			defaultConfigurationName = Release;
		};
		2E7695481718FFE3002D45B7 /* Build configuration list for PBXNativeTarget "RA Helper App iPhone" */ = {
			isa = XCConfigurationList;
			buildConfigurations = (
				2E7695491718FFE3002D45B7 /* Debug */,
				2E76954A1718FFE3002D45B7 /* Release */,
			);
			defaultConfigurationIsVisible = 0;
			defaultConfigurationName = Release;
		};
/* End XCConfigurationList section */

/* Begin XCVersionGroup section */
		2E8BB7CB171CDBD500014413 /* DormModel.xcdatamodeld */ = {
			isa = XCVersionGroup;
			children = (
				2E8BB7CC171CDBD500014413 /* DormModel.xcdatamodel */,
			);
			currentVersion = 2E8BB7CC171CDBD500014413 /* DormModel.xcdatamodel */;
			path = DormModel.xcdatamodeld;
			sourceTree = "<group>";
			versionGroupType = wrapper.xcdatamodel;
		};
/* End XCVersionGroup section */
	};
	rootObject = 2E76951D1718FFE3002D45B7 /* Project object */;
}
